<Solution>
  <Folder Name="/src/">
    <Project Path="src/RenoTrack.Api/RenoTrack.Api.csproj" />
    <Project Path="src/RenoTrack.Application/RenoTrack.Application.csproj" />
    <Project Path="src/RenoTrack.Domain/RenoTrack.Domain.csproj" />
    <Project Path="src/RenoTrack.Infrastructure/RenoTrack.Infrastructure.csproj" />
    <Project Path="src/RenoTrack.Website/RenoTrack.Website.csproj" />
  </Folder>
  <Folder Name="/tests/">
    <Project Path="tests/RenoTrack.Api.Tests/RenoTrack.Api.Tests.csproj" />
    <Project Path="tests/RenoTrack.Application.Tests/RenoTrack.Application.Tests.csproj" />
    <Project Path="tests/RenoTrack.Domain.Tests/RenoTrack.Domain.Tests.csproj" />
    <Project Path="tests/RenoTrack.Infrastructure.Tests/RenoTrack.Infrastructure.Tests.csproj" />
  </Folder>
</Solution>
